
Microsoft Visual Studio Solution File, Format Version 11.00
# Visual Studio 2010
Project("{FAE04EC0-301F-11D3-BF4B-00C04F79EFBC}") = "Assembly-CSharp", "Assembly-CSharp.csproj", "{79444BC4-5431-98FB-9E4D-B3F96D250B2E}"
EndProject
Project("{FAE04EC0-301F-11D3-BF4B-00C04F79EFBC}") = "Assembly-CSharp-Editor", "Assembly-CSharp-Editor.csproj", "{6DA9AB7D-DEBE-379F-A32E-8DCC5D2650BB}"
EndProject
Global
	GlobalSection(SolutionConfigurationPlatforms) = preSolution
		Debug|Any CPU = Debug|Any CPU
		Release|Any CPU = Release|Any CPU
	EndGlobalSection
	GlobalSection(ProjectConfigurationPlatforms) = postSolution
		{79444BC4-5431-98FB-9E4D-B3F96D250B2E}.Debug|Any CPU.ActiveCfg = Debug|Any CPU
		{79444BC4-5431-98FB-9E4D-B3F96D250B2E}.Debug|Any CPU.Build.0 = Debug|Any CPU
		{79444BC4-5431-98FB-9E4D-B3F96D250B2E}.Release|Any CPU.ActiveCfg = Release|Any CPU
		{79444BC4-5431-98FB-9E4D-B3F96D250B2E}.Release|Any CPU.Build.0 = Release|Any CPU
		{6DA9AB7D-DEBE-379F-A32E-8DCC5D2650BB}.Debug|Any CPU.ActiveCfg = Debug|Any CPU
		{6DA9AB7D-DEBE-379F-A32E-8DCC5D2650BB}.Debug|Any CPU.Build.0 = Debug|Any CPU
		{6DA9AB7D-DEBE-379F-A32E-8DCC5D2650BB}.Release|Any CPU.ActiveCfg = Release|Any CPU
		{6DA9AB7D-DEBE-379F-A32E-8DCC5D2650BB}.Release|Any CPU.Build.0 = Release|Any CPU
	EndGlobalSection
	GlobalSection(SolutionProperties) = preSolution
		HideSolutionNode = FALSE
	EndGlobalSection
EndGlobal
