
Microsoft Visual Studio Solution File, Format Version 11.00
# Visual Studio 2010
Project("{FAE04EC0-301F-11D3-BF4B-00C04F79EFBC}") = "Assembly-CSharp", "Assembly-CSharp.csproj", "{9104e4ad-87ec-0904-57b3-4d81767b8566}"
EndProject
Project("{FAE04EC0-301F-11D3-BF4B-00C04F79EFBC}") = "Unity.XR.Interaction.Toolkit.Samples.StarterAssets", "Unity.XR.Interaction.Toolkit.Samples.StarterAssets.csproj", "{740346e4-c8e9-469a-6a31-1c3d78661a4b}"
EndProject
Project("{FAE04EC0-301F-11D3-BF4B-00C04F79EFBC}") = "Assembly-CSharp-Editor", "Assembly-CSharp-Editor.csproj", "{422feb6b-7394-77a5-5f6a-85d8c1f5d66a}"
EndProject
Global
	GlobalSection(SolutionConfigurationPlatforms) = preSolution
		Debug|Any CPU = Debug|Any CPU
	EndGlobalSection
	GlobalSection(ProjectConfigurationPlatforms) = postSolution
		{9104e4ad-87ec-0904-57b3-4d81767b8566}.Debug|Any CPU.ActiveCfg = Debug|Any CPU
		{9104e4ad-87ec-0904-57b3-4d81767b8566}.Debug|Any CPU.Build.0 = Debug|Any CPU
		{740346e4-c8e9-469a-6a31-1c3d78661a4b}.Debug|Any CPU.ActiveCfg = Debug|Any CPU
		{740346e4-c8e9-469a-6a31-1c3d78661a4b}.Debug|Any CPU.Build.0 = Debug|Any CPU
		{422feb6b-7394-77a5-5f6a-85d8c1f5d66a}.Debug|Any CPU.ActiveCfg = Debug|Any CPU
		{422feb6b-7394-77a5-5f6a-85d8c1f5d66a}.Debug|Any CPU.Build.0 = Debug|Any CPU
	EndGlobalSection
	GlobalSection(SolutionProperties) = preSolution
		HideSolutionNode = FALSE
	EndGlobalSection
EndGlobal
